
Microsoft Visual Studio Solution File, Format Version 12.00
# Visual Studio Version 17
VisualStudioVersion = 17.8.34330.188
MinimumVisualStudioVersion = 10.0.40219.1
Project("{9A19103F-16F7-4668-BE54-9A1E7A4F7556}") = "Q1", "Q1\Q1.csproj", "{90367238-DED8-4464-B8EA-4435C36654E3}"
EndProject
Project("{9A19103F-16F7-4668-BE54-9A1E7A4F7556}") = "WinFormsApp1", "WinFormsApp1\WinFormsApp1.csproj", "{44DFF1E5-CDDF-4063-96EB-4E7E4426E828}"
EndProject
Project("{FAE04EC0-301F-11D3-BF4B-00C04F79EFBC}") = "WebApp", "WebApp\WebApp.csproj", "{5040C2F6-D360-4B43-A424-637C52781BBD}"
EndProject
Global
	GlobalSection(SolutionConfigurationPlatforms) = preSolution
		Debug|Any CPU = Debug|Any CPU
		Release|Any CPU = Release|Any CPU
	EndGlobalSection
	GlobalSection(ProjectConfigurationPlatforms) = postSolution
		{90367238-DED8-4464-B8EA-4435C36654E3}.Debug|Any CPU.ActiveCfg = Debug|Any CPU
		{90367238-DED8-4464-B8EA-4435C36654E3}.Debug|Any CPU.Build.0 = Debug|Any CPU
		{90367238-DED8-4464-B8EA-4435C36654E3}.Release|Any CPU.ActiveCfg = Release|Any CPU
		{90367238-DED8-4464-B8EA-4435C36654E3}.Release|Any CPU.Build.0 = Release|Any CPU
		{44DFF1E5-CDDF-4063-96EB-4E7E4426E828}.Debug|Any CPU.ActiveCfg = Debug|Any CPU
		{44DFF1E5-CDDF-4063-96EB-4E7E4426E828}.Debug|Any CPU.Build.0 = Debug|Any CPU
		{44DFF1E5-CDDF-4063-96EB-4E7E4426E828}.Release|Any CPU.ActiveCfg = Release|Any CPU
		{44DFF1E5-CDDF-4063-96EB-4E7E4426E828}.Release|Any CPU.Build.0 = Release|Any CPU
		{5040C2F6-D360-4B43-A424-637C52781BBD}.Debug|Any CPU.ActiveCfg = Debug|Any CPU
		{5040C2F6-D360-4B43-A424-637C52781BBD}.Debug|Any CPU.Build.0 = Debug|Any CPU
		{5040C2F6-D360-4B43-A424-637C52781BBD}.Release|Any CPU.ActiveCfg = Release|Any CPU
		{5040C2F6-D360-4B43-A424-637C52781BBD}.Release|Any CPU.Build.0 = Release|Any CPU
	EndGlobalSection
	GlobalSection(SolutionProperties) = preSolution
		HideSolutionNode = FALSE
	EndGlobalSection
	GlobalSection(ExtensibilityGlobals) = postSolution
		SolutionGuid = {B0C3A206-AC24-4CF5-8A7B-0C58326FFC65}
	EndGlobalSection
EndGlobal
